// !$*UTF8*$!
{
	archiveVersion = 1;
	classes = {
	};
	objectVersion = 77;
	objects = {

/* Begin PBXBuildFile section */
		70C685622DA1F49C009228FF /* WMScanner in Frameworks */ = {isa = PBXBuildFile; productRef = 70C685612DA1F49C009228FF /* WMScanner */; };
/* End PBXBuildFile section */

/* Begin PBXContainerItemProxy section */
		70FAADB62DA1D49200F94889 /* PBXContainerItemProxy */ = {
			isa = PBXContainerItemProxy;
			containerPortal = 70FAAD9D2DA1D49000F94889 /* Project object */;
			proxyType = 1;
			remoteGlobalIDString = 70FAADA42DA1D49000F94889;
			remoteInfo = BarcodeScanner;
		};
		70FAADC02DA1D49200F94889 /* PBXContainerItemProxy */ = {
			isa = PBXContainerItemProxy;
			containerPortal = 70FAAD9D2DA1D49000F94889 /* Project object */;
			proxyType = 1;
			remoteGlobalIDString = 70FAADA42DA1D49000F94889;
			remoteInfo = BarcodeScanner;
		};
/* End PBXContainerItemProxy section */

/* Begin PBXFileReference section */
		70FAADA52DA1D49000F94889 /* BarcodeScanner.app */ = {isa = PBXFileReference; explicitFileType = wrapper.application; includeInIndex = 0; path = BarcodeScanner.app; sourceTree = BUILT_PRODUCTS_DIR; };
		70FAADB52DA1D49200F94889 /* BarcodeScannerTests.xctest */ = {isa = PBXFileReference; explicitFileType = wrapper.cfbundle; includeInIndex = 0; path = BarcodeScannerTests.xctest; sourceTree = BUILT_PRODUCTS_DIR; };
		70FAADBF2DA1D49200F94889 /* BarcodeScannerUITests.xctest */ = {isa = PBXFileReference; explicitFileType = wrapper.cfbundle; includeInIndex = 0; path = BarcodeScannerUITests.xctest; sourceTree = BUILT_PRODUCTS_DIR; };
/* End PBXFileReference section */

/* Begin PBXFileSystemSynchronizedRootGroup section */
		70FAADA72DA1D49000F94889 /* BarcodeScanner */ = {
			isa = PBXFileSystemSynchronizedRootGroup;
			path = BarcodeScanner;
			sourceTree = "<group>";
		};
		70FAADB82DA1D49200F94889 /* BarcodeScannerTests */ = {
			isa = PBXFileSystemSynchronizedRootGroup;
			path = BarcodeScannerTests;
			sourceTree = "<group>";
		};
		70FAADC22DA1D49200F94889 /* BarcodeScannerUITests */ = {
			isa = PBXFileSystemSynchronizedRootGroup;
			path = BarcodeScannerUITests;
			sourceTree = "<group>";
		};
/* End PBXFileSystemSynchronizedRootGroup section */

/* Begin PBXFrameworksBuildPhase section */
		70FAADA22DA1D49000F94889 /* Frameworks */ = {
			isa = PBXFrameworksBuildPhase;
			buildActionMask = 2147483647;
			files = (
				70C685622DA1F49C009228FF /* WMScanner in Frameworks */,
			);
			runOnlyForDeploymentPostprocessing = 0;
		};
		70FAADB22DA1D49200F94889 /* Frameworks */ = {
			isa = PBXFrameworksBuildPhase;
			buildActionMask = 2147483647;
			files = (
			);
			runOnlyForDeploymentPostprocessing = 0;
		};
		70FAADBC2DA1D49200F94889 /* Frameworks */ = {
			isa = PBXFrameworksBuildPhase;
			buildActionMask = 2147483647;
			files = (
			);
			runOnlyForDeploymentPostprocessing = 0;
		};
/* End PBXFrameworksBuildPhase section */

/* Begin PBXGroup section */
		7038880F2DA1E44A003843BC /* Frameworks */ = {
			isa = PBXGroup;
			children = (
			);
			name = Frameworks;
			sourceTree = "<group>";
		};
		70FAAD9C2DA1D49000F94889 = {
			isa = PBXGroup;
			children = (
				70FAADA72DA1D49000F94889 /* BarcodeScanner */,
				70FAADB82DA1D49200F94889 /* BarcodeScannerTests */,
				70FAADC22DA1D49200F94889 /* BarcodeScannerUITests */,
				7038880F2DA1E44A003843BC /* Frameworks */,
				70FAADA62DA1D49000F94889 /* Products */,
			);
			sourceTree = "<group>";
		};
		70FAADA62DA1D49000F94889 /* Products */ = {
			isa = PBXGroup;
			children = (
				70FAADA52DA1D49000F94889 /* BarcodeScanner.app */,
				70FAADB52DA1D49200F94889 /* BarcodeScannerTests.xctest */,
				70FAADBF2DA1D49200F94889 /* BarcodeScannerUITests.xctest */,
			);
			name = Products;
			sourceTree = "<group>";
		};
/* End PBXGroup section */

/* Begin PBXNativeTarget section */
		70FAADA42DA1D49000F94889 /* BarcodeScanner */ = {
			isa = PBXNativeTarget;
			buildConfigurationList = 70FAADC92DA1D49200F94889 /* Build configuration list for PBXNativeTarget "BarcodeScanner" */;
			buildPhases = (
				70FAADA12DA1D49000F94889 /* Sources */,
				70FAADA22DA1D49000F94889 /* Frameworks */,
				70FAADA32DA1D49000F94889 /* Resources */,
			);
			buildRules = (
			);
			dependencies = (
			);
			fileSystemSynchronizedGroups = (
				70FAADA72DA1D49000F94889 /* BarcodeScanner */,
			);
			name = BarcodeScanner;
			packageProductDependencies = (
				70C685612DA1F49C009228FF /* WMScanner */,
			);
			productName = BarcodeScanner;
			productReference = 70FAADA52DA1D49000F94889 /* BarcodeScanner.app */;
			productType = "com.apple.product-type.application";
		};
		70FAADB42DA1D49200F94889 /* BarcodeScannerTests */ = {
			isa = PBXNativeTarget;
			buildConfigurationList = 70FAADCC2DA1D49200F94889 /* Build configuration list for PBXNativeTarget "BarcodeScannerTests" */;
			buildPhases = (
				70FAADB12DA1D49200F94889 /* Sources */,
				70FAADB22DA1D49200F94889 /* Frameworks */,
				70FAADB32DA1D49200F94889 /* Resources */,
			);
			buildRules = (
			);
			dependencies = (
				70FAADB72DA1D49200F94889 /* PBXTargetDependency */,
			);
			fileSystemSynchronizedGroups = (
				70FAADB82DA1D49200F94889 /* BarcodeScannerTests */,
			);
			name = BarcodeScannerTests;
			packageProductDependencies = (
			);
			productName = BarcodeScannerTests;
			productReference = 70FAADB52DA1D49200F94889 /* BarcodeScannerTests.xctest */;
			productType = "com.apple.product-type.bundle.unit-test";
		};
		70FAADBE2DA1D49200F94889 /* BarcodeScannerUITests */ = {
			isa = PBXNativeTarget;
			buildConfigurationList = 70FAADCF2DA1D49200F94889 /* Build configuration list for PBXNativeTarget "BarcodeScannerUITests" */;
			buildPhases = (
				70FAADBB2DA1D49200F94889 /* Sources */,
				70FAADBC2DA1D49200F94889 /* Frameworks */,
				70FAADBD2DA1D49200F94889 /* Resources */,
			);
			buildRules = (
			);
			dependencies = (
				70FAADC12DA1D49200F94889 /* PBXTargetDependency */,
			);
			fileSystemSynchronizedGroups = (
				70FAADC22DA1D49200F94889 /* BarcodeScannerUITests */,
			);
			name = BarcodeScannerUITests;
			packageProductDependencies = (
			);
			productName = BarcodeScannerUITests;
			productReference = 70FAADBF2DA1D49200F94889 /* BarcodeScannerUITests.xctest */;
			productType = "com.apple.product-type.bundle.ui-testing";
		};
/* End PBXNativeTarget section */

/* Begin PBXProject section */
		70FAAD9D2DA1D49000F94889 /* Project object */ = {
			isa = PBXProject;
			attributes = {
				BuildIndependentTargetsInParallel = 1;
				LastSwiftUpdateCheck = 1620;
				LastUpgradeCheck = 1620;
				TargetAttributes = {
					70FAADA42DA1D49000F94889 = {
						CreatedOnToolsVersion = 16.2;
					};
					70FAADB42DA1D49200F94889 = {
						CreatedOnToolsVersion = 16.2;
						TestTargetID = 70FAADA42DA1D49000F94889;
					};
					70FAADBE2DA1D49200F94889 = {
						CreatedOnToolsVersion = 16.2;
						TestTargetID = 70FAADA42DA1D49000F94889;
					};
				};
			};
			buildConfigurationList = 70FAADA02DA1D49000F94889 /* Build configuration list for PBXProject "BarcodeScanner" */;
			developmentRegion = en;
			hasScannedForEncodings = 0;
			knownRegions = (
				en,
				Base,
			);
			mainGroup = 70FAAD9C2DA1D49000F94889;
			minimizedProjectReferenceProxies = 1;
			packageReferences = (
				70C685602DA1F49C009228FF /* XCRemoteSwiftPackageReference "ios-wmscanner" */,
			);
			preferredProjectObjectVersion = 77;
			productRefGroup = 70FAADA62DA1D49000F94889 /* Products */;
			projectDirPath = "";
			projectRoot = "";
			targets = (
				70FAADA42DA1D49000F94889 /* BarcodeScanner */,
				70FAADB42DA1D49200F94889 /* BarcodeScannerTests */,
				70FAADBE2DA1D49200F94889 /* BarcodeScannerUITests */,
			);
		};
/* End PBXProject section */

/* Begin PBXResourcesBuildPhase section */
		70FAADA32DA1D49000F94889 /* Resources */ = {
			isa = PBXResourcesBuildPhase;
			buildActionMask = 2147483647;
			files = (
			);
			runOnlyForDeploymentPostprocessing = 0;
		};
		70FAADB32DA1D49200F94889 /* Resources */ = {
			isa = PBXResourcesBuildPhase;
			buildActionMask = 2147483647;
			files = (
			);
			runOnlyForDeploymentPostprocessing = 0;
		};
		70FAADBD2DA1D49200F94889 /* Resources */ = {
			isa = PBXResourcesBuildPhase;
			buildActionMask = 2147483647;
			files = (
			);
			runOnlyForDeploymentPostprocessing = 0;
		};
/* End PBXResourcesBuildPhase section */

/* Begin PBXSourcesBuildPhase section */
		70FAADA12DA1D49000F94889 /* Sources */ = {
			isa = PBXSourcesBuildPhase;
			buildActionMask = 2147483647;
			files = (
			);
			runOnlyForDeploymentPostprocessing = 0;
		};
		70FAADB12DA1D49200F94889 /* Sources */ = {
			isa = PBXSourcesBuildPhase;
			buildActionMask = 2147483647;
			files = (
			);
			runOnlyForDeploymentPostprocessing = 0;
		};
		70FAADBB2DA1D49200F94889 /* Sources */ = {
			isa = PBXSourcesBuildPhase;
			buildActionMask = 2147483647;
			files = (
			);
			runOnlyForDeploymentPostprocessing = 0;
		};
/* End PBXSourcesBuildPhase section */

/* Begin PBXTargetDependency section */
		70FAADB72DA1D49200F94889 /* PBXTargetDependency */ = {
			isa = PBXTargetDependency;
			target = 70FAADA42DA1D49000F94889 /* BarcodeScanner */;
			targetProxy = 70FAADB62DA1D49200F94889 /* PBXContainerItemProxy */;
		};
		70FAADC12DA1D49200F94889 /* PBXTargetDependency */ = {
			isa = PBXTargetDependency;
			target = 70FAADA42DA1D49000F94889 /* BarcodeScanner */;
			targetProxy = 70FAADC02DA1D49200F94889 /* PBXContainerItemProxy */;
		};
/* End PBXTargetDependency section */

/* Begin XCBuildConfiguration section */
		70FAADC72DA1D49200F94889 /* Debug */ = {
			isa = XCBuildConfiguration;
			buildSettings = {
				ALWAYS_SEARCH_USER_PATHS = NO;
				ASSETCATALOG_COMPILER_GENERATE_SWIFT_ASSET_SYMBOL_EXTENSIONS = YES;
				CLANG_ANALYZER_NONNULL = YES;
				CLANG_ANALYZER_NUMBER_OBJECT_CONVERSION = YES_AGGRESSIVE;
				CLANG_CXX_LANGUAGE_STANDARD = "gnu++20";
				CLANG_ENABLE_MODULES = YES;
				CLANG_ENABLE_OBJC_ARC = YES;
				CLANG_ENABLE_OBJC_WEAK = YES;
				CLANG_WARN_BLOCK_CAPTURE_AUTORELEASING = YES;
				CLANG_WARN_BOOL_CONVERSION = YES;
				CLANG_WARN_COMMA = YES;
				CLANG_WARN_CONSTANT_CONVERSION = YES;
				CLANG_WARN_DEPRECATED_OBJC_IMPLEMENTATIONS = YES;
				CLANG_WARN_DIRECT_OBJC_ISA_USAGE = YES_ERROR;
				CLANG_WARN_DOCUMENTATION_COMMENTS = YES;
				CLANG_WARN_EMPTY_BODY = YES;
				CLANG_WARN_ENUM_CONVERSION = YES;
				CLANG_WARN_INFINITE_RECURSION = YES;
				CLANG_WARN_INT_CONVERSION = YES;
				CLANG_WARN_NON_LITERAL_NULL_CONVERSION = YES;
				CLANG_WARN_OBJC_IMPLICIT_RETAIN_SELF = YES;
				CLANG_WARN_OBJC_LITERAL_CONVERSION = YES;
				CLANG_WARN_OBJC_ROOT_CLASS = YES_ERROR;
				CLANG_WARN_QUOTED_INCLUDE_IN_FRAMEWORK_HEADER = YES;
				CLANG_WARN_RANGE_LOOP_ANALYSIS = YES;
				CLANG_WARN_STRICT_PROTOTYPES = YES;
				CLANG_WARN_SUSPICIOUS_MOVE = YES;
				CLANG_WARN_UNGUARDED_AVAILABILITY = YES_AGGRESSIVE;
				CLANG_WARN_UNREACHABLE_CODE = YES;
				CLANG_WARN__DUPLICATE_METHOD_MATCH = YES;
				COPY_PHASE_STRIP = NO;
				DEBUG_INFORMATION_FORMAT = dwarf;
				ENABLE_STRICT_OBJC_MSGSEND = YES;
				ENABLE_TESTABILITY = YES;
				ENABLE_USER_SCRIPT_SANDBOXING = YES;
				GCC_C_LANGUAGE_STANDARD = gnu17;
				GCC_DYNAMIC_NO_PIC = NO;
				GCC_NO_COMMON_BLOCKS = YES;
				GCC_OPTIMIZATION_LEVEL = 0;
				GCC_PREPROCESSOR_DEFINITIONS = (
					"DEBUG=1",
					"$(inherited)",
				);
				GCC_WARN_64_TO_32_BIT_CONVERSION = YES;
				GCC_WARN_ABOUT_RETURN_TYPE = YES_ERROR;
				GCC_WARN_UNDECLARED_SELECTOR = YES;
				GCC_WARN_UNINITIALIZED_AUTOS = YES_AGGRESSIVE;
				GCC_WARN_UNUSED_FUNCTION = YES;
				GCC_WARN_UNUSED_VARIABLE = YES;
				IPHONEOS_DEPLOYMENT_TARGET = 17.6;
				LOCALIZATION_PREFERS_STRING_CATALOGS = YES;
				MTL_ENABLE_DEBUG_INFO = INCLUDE_SOURCE;
				MTL_FAST_MATH = YES;
				ONLY_ACTIVE_ARCH = YES;
				SDKROOT = iphoneos;
				SWIFT_ACTIVE_COMPILATION_CONDITIONS = "DEBUG $(inherited)";
				SWIFT_OPTIMIZATION_LEVEL = "-Onone";
				SWIFT_VERSION = 5.0;
			};
			name = Debug;
		};
		70FAADC82DA1D49200F94889 /* Release */ = {
			isa = XCBuildConfiguration;
			buildSettings = {
				ALWAYS_SEARCH_USER_PATHS = NO;
				ASSETCATALOG_COMPILER_GENERATE_SWIFT_ASSET_SYMBOL_EXTENSIONS = YES;
				CLANG_ANALYZER_NONNULL = YES;
				CLANG_ANALYZER_NUMBER_OBJECT_CONVERSION = YES_AGGRESSIVE;
				CLANG_CXX_LANGUAGE_STANDARD = "gnu++20";
				CLANG_ENABLE_MODULES = YES;
				CLANG_ENABLE_OBJC_ARC = YES;
				CLANG_ENABLE_OBJC_WEAK = YES;
				CLANG_WARN_BLOCK_CAPTURE_AUTORELEASING = YES;
				CLANG_WARN_BOOL_CONVERSION = YES;
				CLANG_WARN_COMMA = YES;
				CLANG_WARN_CONSTANT_CONVERSION = YES;
				CLANG_WARN_DEPRECATED_OBJC_IMPLEMENTATIONS = YES;
				CLANG_WARN_DIRECT_OBJC_ISA_USAGE = YES_ERROR;
				CLANG_WARN_DOCUMENTATION_COMMENTS = YES;
				CLANG_WARN_EMPTY_BODY = YES;
				CLANG_WARN_ENUM_CONVERSION = YES;
				CLANG_WARN_INFINITE_RECURSION = YES;
				CLANG_WARN_INT_CONVERSION = YES;
				CLANG_WARN_NON_LITERAL_NULL_CONVERSION = YES;
				CLANG_WARN_OBJC_IMPLICIT_RETAIN_SELF = YES;
				CLANG_WARN_OBJC_LITERAL_CONVERSION = YES;
				CLANG_WARN_OBJC_ROOT_CLASS = YES_ERROR;
				CLANG_WARN_QUOTED_INCLUDE_IN_FRAMEWORK_HEADER = YES;
				CLANG_WARN_RANGE_LOOP_ANALYSIS = YES;
				CLANG_WARN_STRICT_PROTOTYPES = YES;
				CLANG_WARN_SUSPICIOUS_MOVE = YES;
				CLANG_WARN_UNGUARDED_AVAILABILITY = YES_AGGRESSIVE;
				CLANG_WARN_UNREACHABLE_CODE = YES;
				CLANG_WARN__DUPLICATE_METHOD_MATCH = YES;
				COPY_PHASE_STRIP = NO;
				DEBUG_INFORMATION_FORMAT = "dwarf-with-dsym";
				ENABLE_NS_ASSERTIONS = NO;
				ENABLE_STRICT_OBJC_MSGSEND = YES;
				ENABLE_USER_SCRIPT_SANDBOXING = YES;
				GCC_C_LANGUAGE_STANDARD = gnu17;
				GCC_NO_COMMON_BLOCKS = YES;
				GCC_WARN_64_TO_32_BIT_CONVERSION = YES;
				GCC_WARN_ABOUT_RETURN_TYPE = YES_ERROR;
				GCC_WARN_UNDECLARED_SELECTOR = YES;
				GCC_WARN_UNINITIALIZED_AUTOS = YES_AGGRESSIVE;
				GCC_WARN_UNUSED_FUNCTION = YES;
				GCC_WARN_UNUSED_VARIABLE = YES;
				IPHONEOS_DEPLOYMENT_TARGET = 17.6;
				LOCALIZATION_PREFERS_STRING_CATALOGS = YES;
				MTL_ENABLE_DEBUG_INFO = NO;
				MTL_FAST_MATH = YES;
				SDKROOT = iphoneos;
				SWIFT_COMPILATION_MODE = wholemodule;
				SWIFT_VERSION = 5.0;
				VALIDATE_PRODUCT = YES;
			};
			name = Release;
		};
		70FAADCA2DA1D49200F94889 /* Debug */ = {
			isa = XCBuildConfiguration;
			buildSettings = {
				ASSETCATALOG_COMPILER_APPICON_NAME = AppIcon;
				ASSETCATALOG_COMPILER_GLOBAL_ACCENT_COLOR_NAME = AccentColor;
				CODE_SIGN_IDENTITY = "Apple Development";
				CODE_SIGN_STYLE = Automatic;
				CURRENT_PROJECT_VERSION = 1;
				DEVELOPMENT_ASSET_PATHS = "\"BarcodeScanner/Preview Content\"";
				ENABLE_PREVIEWS = YES;
				GENERATE_INFOPLIST_FILE = YES;
				INFOPLIST_KEY_NSCameraUsageDescription = "scan barcodes";
				INFOPLIST_KEY_UIApplicationSceneManifest_Generation = YES;
				INFOPLIST_KEY_UIApplicationSupportsIndirectInputEvents = YES;
				INFOPLIST_KEY_UILaunchScreen_Generation = YES;
				INFOPLIST_KEY_UISupportedInterfaceOrientations = UIInterfaceOrientationPortrait;
				IPHONEOS_DEPLOYMENT_TARGET = 17.0;
				LD_RUNPATH_SEARCH_PATHS = (
					"$(inherited)",
					"@executable_path/Frameworks",
				);
				MARKETING_VERSION = 1.0;
				PRODUCT_BUNDLE_IDENTIFIER = com.wm.BarcodeScanner;
				PRODUCT_NAME = "$(TARGET_NAME)";
				PROVISIONING_PROFILE_SPECIFIER = "";
				SWIFT_EMIT_LOC_STRINGS = YES;
				SWIFT_VERSION = 5.0;
				TARGETED_DEVICE_FAMILY = "1,2";
			};
			name = Debug;
		};
		70FAADCB2DA1D49200F94889 /* Release */ = {
			isa = XCBuildConfiguration;
			buildSettings = {
				ASSETCATALOG_COMPILER_APPICON_NAME = AppIcon;
				ASSETCATALOG_COMPILER_GLOBAL_ACCENT_COLOR_NAME = AccentColor;
				CODE_SIGN_IDENTITY = "Apple Development";
				CODE_SIGN_STYLE = Automatic;
				CURRENT_PROJECT_VERSION = 1;
				DEVELOPMENT_ASSET_PATHS = "\"BarcodeScanner/Preview Content\"";
				ENABLE_PREVIEWS = YES;
				GENERATE_INFOPLIST_FILE = YES;
				INFOPLIST_KEY_NSCameraUsageDescription = "scan barcodes";
				INFOPLIST_KEY_UIApplicationSceneManifest_Generation = YES;
				INFOPLIST_KEY_UIApplicationSupportsIndirectInputEvents = YES;
				INFOPLIST_KEY_UILaunchScreen_Generation = YES;
				INFOPLIST_KEY_UISupportedInterfaceOrientations = UIInterfaceOrientationPortrait;
				IPHONEOS_DEPLOYMENT_TARGET = 17.0;
				LD_RUNPATH_SEARCH_PATHS = (
					"$(inherited)",
					"@executable_path/Frameworks",
				);
				MARKETING_VERSION = 1.0;
				PRODUCT_BUNDLE_IDENTIFIER = com.wm.BarcodeScanner;
				PRODUCT_NAME = "$(TARGET_NAME)";
				PROVISIONING_PROFILE_SPECIFIER = "";
				SWIFT_EMIT_LOC_STRINGS = YES;
				SWIFT_VERSION = 5.0;
				TARGETED_DEVICE_FAMILY = "1,2";
			};
			name = Release;
		};
		70FAADCD2DA1D49200F94889 /* Debug */ = {
			isa = XCBuildConfiguration;
			buildSettings = {
				BUNDLE_LOADER = "$(TEST_HOST)";
				CODE_SIGN_STYLE = Automatic;
				CURRENT_PROJECT_VERSION = 1;
				GENERATE_INFOPLIST_FILE = YES;
				IPHONEOS_DEPLOYMENT_TARGET = 17.0;
				MARKETING_VERSION = 1.0;
				PRODUCT_BUNDLE_IDENTIFIER = com.wm.BarcodeScannerTests;
				PRODUCT_NAME = "$(TARGET_NAME)";
				SWIFT_EMIT_LOC_STRINGS = NO;
				SWIFT_VERSION = 5.0;
				TARGETED_DEVICE_FAMILY = "1,2";
				TEST_HOST = "$(BUILT_PRODUCTS_DIR)/BarcodeScanner.app/$(BUNDLE_EXECUTABLE_FOLDER_PATH)/BarcodeScanner";
			};
			name = Debug;
		};
		70FAADCE2DA1D49200F94889 /* Release */ = {
			isa = XCBuildConfiguration;
			buildSettings = {
				BUNDLE_LOADER = "$(TEST_HOST)";
				CODE_SIGN_STYLE = Automatic;
				CURRENT_PROJECT_VERSION = 1;
				GENERATE_INFOPLIST_FILE = YES;
				IPHONEOS_DEPLOYMENT_TARGET = 17.0;
				MARKETING_VERSION = 1.0;
				PRODUCT_BUNDLE_IDENTIFIER = com.wm.BarcodeScannerTests;
				PRODUCT_NAME = "$(TARGET_NAME)";
				SWIFT_EMIT_LOC_STRINGS = NO;
				SWIFT_VERSION = 5.0;
				TARGETED_DEVICE_FAMILY = "1,2";
				TEST_HOST = "$(BUILT_PRODUCTS_DIR)/BarcodeScanner.app/$(BUNDLE_EXECUTABLE_FOLDER_PATH)/BarcodeScanner";
			};
			name = Release;
		};
		70FAADD02DA1D49200F94889 /* Debug */ = {
			isa = XCBuildConfiguration;
			buildSettings = {
				CODE_SIGN_STYLE = Automatic;
				CURRENT_PROJECT_VERSION = 1;
				GENERATE_INFOPLIST_FILE = YES;
				IPHONEOS_DEPLOYMENT_TARGET = 17.0;
				MARKETING_VERSION = 1.0;
				PRODUCT_BUNDLE_IDENTIFIER = com.wm.BarcodeScannerUITests;
				PRODUCT_NAME = "$(TARGET_NAME)";
				SWIFT_EMIT_LOC_STRINGS = NO;
				SWIFT_VERSION = 5.0;
				TARGETED_DEVICE_FAMILY = "1,2";
				TEST_TARGET_NAME = BarcodeScanner;
			};
			name = Debug;
		};
		70FAADD12DA1D49200F94889 /* Release */ = {
			isa = XCBuildConfiguration;
			buildSettings = {
				CODE_SIGN_STYLE = Automatic;
				CURRENT_PROJECT_VERSION = 1;
				GENERATE_INFOPLIST_FILE = YES;
				IPHONEOS_DEPLOYMENT_TARGET = 17.0;
				MARKETING_VERSION = 1.0;
				PRODUCT_BUNDLE_IDENTIFIER = com.wm.BarcodeScannerUITests;
				PRODUCT_NAME = "$(TARGET_NAME)";
				SWIFT_EMIT_LOC_STRINGS = NO;
				SWIFT_VERSION = 5.0;
				TARGETED_DEVICE_FAMILY = "1,2";
				TEST_TARGET_NAME = BarcodeScanner;
			};
			name = Release;
		};
/* End XCBuildConfiguration section */

/* Begin XCConfigurationList section */
		70FAADA02DA1D49000F94889 /* Build configuration list for PBXProject "BarcodeScanner" */ = {
			isa = XCConfigurationList;
			buildConfigurations = (
				70FAADC72DA1D49200F94889 /* Debug */,
				70FAADC82DA1D49200F94889 /* Release */,
			);
			defaultConfigurationIsVisible = 0;
			defaultConfigurationName = Release;
		};
		70FAADC92DA1D49200F94889 /* Build configuration list for PBXNativeTarget "BarcodeScanner" */ = {
			isa = XCConfigurationList;
			buildConfigurations = (
				70FAADCA2DA1D49200F94889 /* Debug */,
				70FAADCB2DA1D49200F94889 /* Release */,
			);
			defaultConfigurationIsVisible = 0;
			defaultConfigurationName = Release;
		};
		70FAADCC2DA1D49200F94889 /* Build configuration list for PBXNativeTarget "BarcodeScannerTests" */ = {
			isa = XCConfigurationList;
			buildConfigurations = (
				70FAADCD2DA1D49200F94889 /* Debug */,
				70FAADCE2DA1D49200F94889 /* Release */,
			);
			defaultConfigurationIsVisible = 0;
			defaultConfigurationName = Release;
		};
		70FAADCF2DA1D49200F94889 /* Build configuration list for PBXNativeTarget "BarcodeScannerUITests" */ = {
			isa = XCConfigurationList;
			buildConfigurations = (
				70FAADD02DA1D49200F94889 /* Debug */,
				70FAADD12DA1D49200F94889 /* Release */,
			);
			defaultConfigurationIsVisible = 0;
			defaultConfigurationName = Release;
		};
/* End XCConfigurationList section */

/* Begin XCRemoteSwiftPackageReference section */
		70C685602DA1F49C009228FF /* XCRemoteSwiftPackageReference "ios-wmscanner" */ = {
			isa = XCRemoteSwiftPackageReference;
			repositoryURL = "https://github.com/sumanksk2006/ios-wmscanner.git";
			requirement = {
				branch = develop;
				kind = branch;
			};
		};
/* End XCRemoteSwiftPackageReference section */

/* Begin XCSwiftPackageProductDependency section */
		70C685612DA1F49C009228FF /* WMScanner */ = {
			isa = XCSwiftPackageProductDependency;
			package = 70C685602DA1F49C009228FF /* XCRemoteSwiftPackageReference "ios-wmscanner" */;
			productName = WMScanner;
		};
/* End XCSwiftPackageProductDependency section */
	};
	rootObject = 70FAAD9D2DA1D49000F94889 /* Project object */;
}
